
Microsoft Visual Studio Solution File, Format Version 12.00
# Visual Studio Version 17
VisualStudioVersion = 17.3.32929.385
MinimumVisualStudioVersion = 10.0.40219.1
Project("{8BC9CEB8-8B4A-11D0-8D11-00A0C91BC942}") = "Discount App with c++", "Discount App with c++\Discount App with c++.vcxproj", "{7801E368-80A9-4A1D-8B30-1856982F4890}"
EndProject
Global
	GlobalSection(SolutionConfigurationPlatforms) = preSolution
		Debug|x64 = Debug|x64
		Debug|x86 = Debug|x86
		Release|x64 = Release|x64
		Release|x86 = Release|x86
	EndGlobalSection
	GlobalSection(ProjectConfigurationPlatforms) = postSolution
		{7801E368-80A9-4A1D-8B30-1856982F4890}.Debug|x64.ActiveCfg = Debug|x64
		{7801E368-80A9-4A1D-8B30-1856982F4890}.Debug|x64.Build.0 = Debug|x64
		{7801E368-80A9-4A1D-8B30-1856982F4890}.Debug|x86.ActiveCfg = Debug|Win32
		{7801E368-80A9-4A1D-8B30-1856982F4890}.Debug|x86.Build.0 = Debug|Win32
		{7801E368-80A9-4A1D-8B30-1856982F4890}.Release|x64.ActiveCfg = Release|x64
		{7801E368-80A9-4A1D-8B30-1856982F4890}.Release|x64.Build.0 = Release|x64
		{7801E368-80A9-4A1D-8B30-1856982F4890}.Release|x86.ActiveCfg = Release|Win32
		{7801E368-80A9-4A1D-8B30-1856982F4890}.Release|x86.Build.0 = Release|Win32
	EndGlobalSection
	GlobalSection(SolutionProperties) = preSolution
		HideSolutionNode = FALSE
	EndGlobalSection
	GlobalSection(ExtensibilityGlobals) = postSolution
		SolutionGuid = {5CE7E543-9D93-4518-A7D9-B8785BA8D4AC}
	EndGlobalSection
EndGlobal
